# This file is automatically @generated by Cargo.
# It is not intended for manual editing.
version = 4

[[package]]
name = "bloom-filter-yss"
version = "0.1.0"
source = "registry+https://github.com/rust-lang/crates.io-index"
checksum = "58dbe2203c644e072c92287908e63bbd21912593f1fa76239d208583988ce8ef"

[[package]]
name = "name-lookup"
version = "0.1.0"
dependencies = [
 "bloom-filter-yss",
]
